
Microsoft Visual Studio Solution File, Format Version 12.00
# Visual Studio Version 17
VisualStudioVersion = 17.7.34024.191
MinimumVisualStudioVersion = 10.0.40219.1
Project("{9A19103F-16F7-4668-BE54-9A1E7A4F7556}") = "GuideMeServerMVC", "GuideMeServerMVC\GuideMeServerMVC.csproj", "{77563354-AC1F-40F2-90D3-6A643741A95B}"
EndProject
Global
	GlobalSection(SolutionConfigurationPlatforms) = preSolution
		Debug|Any CPU = Debug|Any CPU
		Debug|iPhone = Debug|iPhone
		Debug|iPhoneSimulator = Debug|iPhoneSimulator
		Release|Any CPU = Release|Any CPU
		Release|iPhone = Release|iPhone
		Release|iPhoneSimulator = Release|iPhoneSimulator
	EndGlobalSection
	GlobalSection(ProjectConfigurationPlatforms) = postSolution
		{77563354-AC1F-40F2-90D3-6A643741A95B}.Debug|Any CPU.ActiveCfg = Debug|Any CPU
		{77563354-AC1F-40F2-90D3-6A643741A95B}.Debug|Any CPU.Build.0 = Debug|Any CPU
		{77563354-AC1F-40F2-90D3-6A643741A95B}.Debug|iPhone.ActiveCfg = Debug|Any CPU
		{77563354-AC1F-40F2-90D3-6A643741A95B}.Debug|iPhone.Build.0 = Debug|Any CPU
		{77563354-AC1F-40F2-90D3-6A643741A95B}.Debug|iPhoneSimulator.ActiveCfg = Debug|Any CPU
		{77563354-AC1F-40F2-90D3-6A643741A95B}.Debug|iPhoneSimulator.Build.0 = Debug|Any CPU
		{77563354-AC1F-40F2-90D3-6A643741A95B}.Release|Any CPU.ActiveCfg = Release|Any CPU
		{77563354-AC1F-40F2-90D3-6A643741A95B}.Release|Any CPU.Build.0 = Release|Any CPU
		{77563354-AC1F-40F2-90D3-6A643741A95B}.Release|iPhone.ActiveCfg = Release|Any CPU
		{77563354-AC1F-40F2-90D3-6A643741A95B}.Release|iPhone.Build.0 = Release|Any CPU
		{77563354-AC1F-40F2-90D3-6A643741A95B}.Release|iPhoneSimulator.ActiveCfg = Release|Any CPU
		{77563354-AC1F-40F2-90D3-6A643741A95B}.Release|iPhoneSimulator.Build.0 = Release|Any CPU
	EndGlobalSection
	GlobalSection(SolutionProperties) = preSolution
		HideSolutionNode = FALSE
	EndGlobalSection
	GlobalSection(ExtensibilityGlobals) = postSolution
		SolutionGuid = {2CB010E4-259C-4FC5-A433-95EAB435C078}
	EndGlobalSection
EndGlobal
