
Microsoft Visual Studio Solution File, Format Version 12.00
# Visual Studio Version 17
VisualStudioVersion = 17.7.34024.191
MinimumVisualStudioVersion = 10.0.40219.1
Project("{9A19103F-16F7-4668-BE54-9A1E7A4F7556}") = "GuideMeServerMVC", "GuideMeServerMVC\GuideMeServerMVC.csproj", "{77563354-AC1F-40F2-90D3-6A643741A95B}"
EndProject
Project("{00D1A9C2-B5F0-4AF3-8072-F6C62B433612}") = "guidemedb", "guidemedb\guidemedb.sqlproj", "{6C1E4F78-D85C-40E0-BCF4-3000BE7477D1}"
EndProject
Project("{FAE04EC0-301F-11D3-BF4B-00C04F79EFBC}") = "GuideMeCadastro.Android", "GuideMeCadastro\GuideMeCadastro.Android\GuideMeCadastro.Android.csproj", "{F18ABFDD-71C5-4F75-9488-5A2B58AA5814}"
EndProject
Project("{FAE04EC0-301F-11D3-BF4B-00C04F79EFBC}") = "GuideMeCadastro.iOS", "GuideMeCadastro\GuideMeCadastro.iOS\GuideMeCadastro.iOS.csproj", "{357814D1-138F-47BC-8D74-0E17862359A7}"
EndProject
Project("{FAE04EC0-301F-11D3-BF4B-00C04F79EFBC}") = "GuideMeCadastro", "GuideMeCadastro\GuideMeCadastro\GuideMeCadastro.csproj", "{E8144856-32DA-4B9E-9800-5C4C37D02679}"
EndProject
Global
	GlobalSection(SolutionConfigurationPlatforms) = preSolution
		Debug|Any CPU = Debug|Any CPU
		Debug|iPhone = Debug|iPhone
		Debug|iPhoneSimulator = Debug|iPhoneSimulator
		Release|Any CPU = Release|Any CPU
		Release|iPhone = Release|iPhone
		Release|iPhoneSimulator = Release|iPhoneSimulator
	EndGlobalSection
	GlobalSection(ProjectConfigurationPlatforms) = postSolution
		{77563354-AC1F-40F2-90D3-6A643741A95B}.Debug|Any CPU.ActiveCfg = Debug|Any CPU
		{77563354-AC1F-40F2-90D3-6A643741A95B}.Debug|Any CPU.Build.0 = Debug|Any CPU
		{77563354-AC1F-40F2-90D3-6A643741A95B}.Debug|iPhone.ActiveCfg = Debug|Any CPU
		{77563354-AC1F-40F2-90D3-6A643741A95B}.Debug|iPhone.Build.0 = Debug|Any CPU
		{77563354-AC1F-40F2-90D3-6A643741A95B}.Debug|iPhoneSimulator.ActiveCfg = Debug|Any CPU
		{77563354-AC1F-40F2-90D3-6A643741A95B}.Debug|iPhoneSimulator.Build.0 = Debug|Any CPU
		{77563354-AC1F-40F2-90D3-6A643741A95B}.Release|Any CPU.ActiveCfg = Release|Any CPU
		{77563354-AC1F-40F2-90D3-6A643741A95B}.Release|Any CPU.Build.0 = Release|Any CPU
		{77563354-AC1F-40F2-90D3-6A643741A95B}.Release|iPhone.ActiveCfg = Release|Any CPU
		{77563354-AC1F-40F2-90D3-6A643741A95B}.Release|iPhone.Build.0 = Release|Any CPU
		{77563354-AC1F-40F2-90D3-6A643741A95B}.Release|iPhoneSimulator.ActiveCfg = Release|Any CPU
		{77563354-AC1F-40F2-90D3-6A643741A95B}.Release|iPhoneSimulator.Build.0 = Release|Any CPU
		{6C1E4F78-D85C-40E0-BCF4-3000BE7477D1}.Debug|Any CPU.ActiveCfg = Debug|Any CPU
		{6C1E4F78-D85C-40E0-BCF4-3000BE7477D1}.Debug|Any CPU.Build.0 = Debug|Any CPU
		{6C1E4F78-D85C-40E0-BCF4-3000BE7477D1}.Debug|Any CPU.Deploy.0 = Debug|Any CPU
		{6C1E4F78-D85C-40E0-BCF4-3000BE7477D1}.Debug|iPhone.ActiveCfg = Debug|Any CPU
		{6C1E4F78-D85C-40E0-BCF4-3000BE7477D1}.Debug|iPhone.Build.0 = Debug|Any CPU
		{6C1E4F78-D85C-40E0-BCF4-3000BE7477D1}.Debug|iPhone.Deploy.0 = Debug|Any CPU
		{6C1E4F78-D85C-40E0-BCF4-3000BE7477D1}.Debug|iPhoneSimulator.ActiveCfg = Debug|Any CPU
		{6C1E4F78-D85C-40E0-BCF4-3000BE7477D1}.Debug|iPhoneSimulator.Build.0 = Debug|Any CPU
		{6C1E4F78-D85C-40E0-BCF4-3000BE7477D1}.Debug|iPhoneSimulator.Deploy.0 = Debug|Any CPU
		{6C1E4F78-D85C-40E0-BCF4-3000BE7477D1}.Release|Any CPU.ActiveCfg = Release|Any CPU
		{6C1E4F78-D85C-40E0-BCF4-3000BE7477D1}.Release|Any CPU.Build.0 = Release|Any CPU
		{6C1E4F78-D85C-40E0-BCF4-3000BE7477D1}.Release|Any CPU.Deploy.0 = Release|Any CPU
		{6C1E4F78-D85C-40E0-BCF4-3000BE7477D1}.Release|iPhone.ActiveCfg = Release|Any CPU
		{6C1E4F78-D85C-40E0-BCF4-3000BE7477D1}.Release|iPhone.Build.0 = Release|Any CPU
		{6C1E4F78-D85C-40E0-BCF4-3000BE7477D1}.Release|iPhone.Deploy.0 = Release|Any CPU
		{6C1E4F78-D85C-40E0-BCF4-3000BE7477D1}.Release|iPhoneSimulator.ActiveCfg = Release|Any CPU
		{6C1E4F78-D85C-40E0-BCF4-3000BE7477D1}.Release|iPhoneSimulator.Build.0 = Release|Any CPU
		{6C1E4F78-D85C-40E0-BCF4-3000BE7477D1}.Release|iPhoneSimulator.Deploy.0 = Release|Any CPU
		{F18ABFDD-71C5-4F75-9488-5A2B58AA5814}.Debug|Any CPU.ActiveCfg = Debug|Any CPU
		{F18ABFDD-71C5-4F75-9488-5A2B58AA5814}.Debug|Any CPU.Build.0 = Debug|Any CPU
		{F18ABFDD-71C5-4F75-9488-5A2B58AA5814}.Debug|Any CPU.Deploy.0 = Debug|Any CPU
		{F18ABFDD-71C5-4F75-9488-5A2B58AA5814}.Debug|iPhone.ActiveCfg = Debug|Any CPU
		{F18ABFDD-71C5-4F75-9488-5A2B58AA5814}.Debug|iPhone.Build.0 = Debug|Any CPU
		{F18ABFDD-71C5-4F75-9488-5A2B58AA5814}.Debug|iPhone.Deploy.0 = Debug|Any CPU
		{F18ABFDD-71C5-4F75-9488-5A2B58AA5814}.Debug|iPhoneSimulator.ActiveCfg = Debug|Any CPU
		{F18ABFDD-71C5-4F75-9488-5A2B58AA5814}.Debug|iPhoneSimulator.Build.0 = Debug|Any CPU
		{F18ABFDD-71C5-4F75-9488-5A2B58AA5814}.Debug|iPhoneSimulator.Deploy.0 = Debug|Any CPU
		{F18ABFDD-71C5-4F75-9488-5A2B58AA5814}.Release|Any CPU.ActiveCfg = Release|Any CPU
		{F18ABFDD-71C5-4F75-9488-5A2B58AA5814}.Release|Any CPU.Build.0 = Release|Any CPU
		{F18ABFDD-71C5-4F75-9488-5A2B58AA5814}.Release|Any CPU.Deploy.0 = Release|Any CPU
		{F18ABFDD-71C5-4F75-9488-5A2B58AA5814}.Release|iPhone.ActiveCfg = Release|Any CPU
		{F18ABFDD-71C5-4F75-9488-5A2B58AA5814}.Release|iPhone.Build.0 = Release|Any CPU
		{F18ABFDD-71C5-4F75-9488-5A2B58AA5814}.Release|iPhone.Deploy.0 = Release|Any CPU
		{F18ABFDD-71C5-4F75-9488-5A2B58AA5814}.Release|iPhoneSimulator.ActiveCfg = Release|Any CPU
		{F18ABFDD-71C5-4F75-9488-5A2B58AA5814}.Release|iPhoneSimulator.Build.0 = Release|Any CPU
		{F18ABFDD-71C5-4F75-9488-5A2B58AA5814}.Release|iPhoneSimulator.Deploy.0 = Release|Any CPU
		{357814D1-138F-47BC-8D74-0E17862359A7}.Debug|Any CPU.ActiveCfg = Debug|iPhoneSimulator
		{357814D1-138F-47BC-8D74-0E17862359A7}.Debug|Any CPU.Build.0 = Debug|iPhoneSimulator
		{357814D1-138F-47BC-8D74-0E17862359A7}.Debug|iPhone.ActiveCfg = Debug|iPhone
		{357814D1-138F-47BC-8D74-0E17862359A7}.Debug|iPhone.Build.0 = Debug|iPhone
		{357814D1-138F-47BC-8D74-0E17862359A7}.Debug|iPhoneSimulator.ActiveCfg = Debug|iPhoneSimulator
		{357814D1-138F-47BC-8D74-0E17862359A7}.Debug|iPhoneSimulator.Build.0 = Debug|iPhoneSimulator
		{357814D1-138F-47BC-8D74-0E17862359A7}.Release|Any CPU.ActiveCfg = Release|iPhoneSimulator
		{357814D1-138F-47BC-8D74-0E17862359A7}.Release|Any CPU.Build.0 = Release|iPhoneSimulator
		{357814D1-138F-47BC-8D74-0E17862359A7}.Release|iPhone.ActiveCfg = Release|iPhone
		{357814D1-138F-47BC-8D74-0E17862359A7}.Release|iPhone.Build.0 = Release|iPhone
		{357814D1-138F-47BC-8D74-0E17862359A7}.Release|iPhoneSimulator.ActiveCfg = Release|iPhoneSimulator
		{357814D1-138F-47BC-8D74-0E17862359A7}.Release|iPhoneSimulator.Build.0 = Release|iPhoneSimulator
		{E8144856-32DA-4B9E-9800-5C4C37D02679}.Debug|Any CPU.ActiveCfg = Debug|Any CPU
		{E8144856-32DA-4B9E-9800-5C4C37D02679}.Debug|Any CPU.Build.0 = Debug|Any CPU
		{E8144856-32DA-4B9E-9800-5C4C37D02679}.Debug|iPhone.ActiveCfg = Debug|Any CPU
		{E8144856-32DA-4B9E-9800-5C4C37D02679}.Debug|iPhone.Build.0 = Debug|Any CPU
		{E8144856-32DA-4B9E-9800-5C4C37D02679}.Debug|iPhoneSimulator.ActiveCfg = Debug|Any CPU
		{E8144856-32DA-4B9E-9800-5C4C37D02679}.Debug|iPhoneSimulator.Build.0 = Debug|Any CPU
		{E8144856-32DA-4B9E-9800-5C4C37D02679}.Release|Any CPU.ActiveCfg = Release|Any CPU
		{E8144856-32DA-4B9E-9800-5C4C37D02679}.Release|Any CPU.Build.0 = Release|Any CPU
		{E8144856-32DA-4B9E-9800-5C4C37D02679}.Release|iPhone.ActiveCfg = Release|Any CPU
		{E8144856-32DA-4B9E-9800-5C4C37D02679}.Release|iPhone.Build.0 = Release|Any CPU
		{E8144856-32DA-4B9E-9800-5C4C37D02679}.Release|iPhoneSimulator.ActiveCfg = Release|Any CPU
		{E8144856-32DA-4B9E-9800-5C4C37D02679}.Release|iPhoneSimulator.Build.0 = Release|Any CPU
	EndGlobalSection
	GlobalSection(SolutionProperties) = preSolution
		HideSolutionNode = FALSE
	EndGlobalSection
	GlobalSection(ExtensibilityGlobals) = postSolution
		SolutionGuid = {2CB010E4-259C-4FC5-A433-95EAB435C078}
	EndGlobalSection
EndGlobal
