
Microsoft Visual Studio Solution File, Format Version 12.00
# Visual Studio Version 17
VisualStudioVersion = 17.4.33205.214
MinimumVisualStudioVersion = 10.0.40219.1
Project("{FAE04EC0-301F-11D3-BF4B-00C04F79EFBC}") = "GuidemeWebServer", "GuidemeWebServer\GuidemeWebServer.csproj", "{AB757D24-6C50-407F-9B14-B6BA3B8A9BF7}"
EndProject
Global
	GlobalSection(SolutionConfigurationPlatforms) = preSolution
		Debug|Any CPU = Debug|Any CPU
		Release|Any CPU = Release|Any CPU
	EndGlobalSection
	GlobalSection(ProjectConfigurationPlatforms) = postSolution
		{AB757D24-6C50-407F-9B14-B6BA3B8A9BF7}.Debug|Any CPU.ActiveCfg = Debug|Any CPU
		{AB757D24-6C50-407F-9B14-B6BA3B8A9BF7}.Debug|Any CPU.Build.0 = Debug|Any CPU
		{AB757D24-6C50-407F-9B14-B6BA3B8A9BF7}.Release|Any CPU.ActiveCfg = Release|Any CPU
		{AB757D24-6C50-407F-9B14-B6BA3B8A9BF7}.Release|Any CPU.Build.0 = Release|Any CPU
	EndGlobalSection
	GlobalSection(SolutionProperties) = preSolution
		HideSolutionNode = FALSE
	EndGlobalSection
	GlobalSection(ExtensibilityGlobals) = postSolution
		SolutionGuid = {89737C97-43E4-438E-891A-4EFE17EC05FA}
	EndGlobalSection
EndGlobal
